PODS:
  - AFNetworking (3.2.1):
    - AFNetworking/NSURLSession (= 3.2.1)
    - AFNetworking/Reachability (= 3.2.1)
    - AFNetworking/Security (= 3.2.1)
    - AFNetworking/Serialization (= 3.2.1)
    - AFNetworking/UIKit (= 3.2.1)
  - AFNetworking/NSURLSession (3.2.1):
    - AFNetworking/Reachability
    - AFNetworking/Security
    - AFNetworking/Serialization
  - AFNetworking/Reachability (3.2.1)
  - AFNetworking/Security (3.2.1)
  - AFNetworking/Serialization (3.2.1)
  - CocoaLumberjack/Core (3.5.1)
  - CocoaLumberjack/Swift (3.5.1):
    - CocoaLumberjack/Core
  - FMDB/FTS (2.7.5):
    - FMDB/standard
  - FMDB/standard (2.7.5)
  - FXKeychain (1.5.3)
  - hoedown (3.0.3):
    - hoedown/standard (= 3.0.3)
  - hoedown/standard (3.0.3)
  - HotKey (0.1.1)

DEPENDENCIES:
  - AFNetworking (~> 3.0)
  - CocoaLumberjack/Swift
  - FMDB/FTS
  - FXKeychain (~> 1.5)
  - hoedown
  - HotKey

SPEC REPOS:
  https://github.com/cocoapods/specs.git:
    - AFNetworking
    - CocoaLumberjack
    - FMDB
    - FXKeychain
    - hoedown
    - HotKey

SPEC CHECKSUMS:
  AFNetworking: b6f891fdfaed196b46c7a83cf209e09697b94057
  CocoaLumberjack: 2101f8a5508197a305e737d16c5c2e9e2157628c
  FMDB: 2ce00b547f966261cd18927a3ddb07cb6f3db82a
  FXKeychain: 2fe54573946ffef634f4e2a2851e6c8f4ea15e76
  hoedown: c1327bbbc96d269595ed86bf97f1d09867ec7529
  HotKey: 0be143fd015544a63c51be6dc2066dbf455ced72

PODFILE CHECKSUM: 747f2121c5d33c52856f15ac3bab1ed7af8fcf67

COCOAPODS: 1.6.0.rc.2
