// !$*UTF8*$!
{
	archiveVersion = 1;
	classes = {
	};
	objectVersion = 46;
	objects = {

/* Begin PBXBuildFile section */
		952CCC561CBB02470054C9BE /* SearchTokenAttachmentCell.swift in Sources */ = {isa = PBXBuildFile; fileRef = 952CCC551CBB02470054C9BE /* SearchTokenAttachmentCell.swift */; };
		9572B8841CB995E100AF2B81 /* AppDelegate.swift in Sources */ = {isa = PBXBuildFile; fileRef = 9572B8831CB995E100AF2B81 /* AppDelegate.swift */; };
		9572B8861CB995E100AF2B81 /* Assets.xcassets in Resources */ = {isa = PBXBuildFile; fileRef = 9572B8851CB995E100AF2B81 /* Assets.xcassets */; };
		9572B8891CB995E100AF2B81 /* MainMenu.xib in Resources */ = {isa = PBXBuildFile; fileRef = 9572B8871CB995E100AF2B81 /* MainMenu.xib */; };
		9572B8911CB9967A00AF2B81 /* SearchTokenField.swift in Sources */ = {isa = PBXBuildFile; fileRef = 9572B8901CB9967A00AF2B81 /* SearchTokenField.swift */; };
/* End PBXBuildFile section */

/* Begin PBXFileReference section */
		952CCC551CBB02470054C9BE /* SearchTokenAttachmentCell.swift */ = {isa = PBXFileReference; fileEncoding = 4; lastKnownFileType = sourcecode.swift; path = SearchTokenAttachmentCell.swift; sourceTree = "<group>"; };
		9572B8801CB995E100AF2B81 /* SearchField.app */ = {isa = PBXFileReference; explicitFileType = wrapper.application; includeInIndex = 0; path = SearchField.app; sourceTree = BUILT_PRODUCTS_DIR; };
		9572B8831CB995E100AF2B81 /* AppDelegate.swift */ = {isa = PBXFileReference; lastKnownFileType = sourcecode.swift; path = AppDelegate.swift; sourceTree = "<group>"; };
		9572B8851CB995E100AF2B81 /* Assets.xcassets */ = {isa = PBXFileReference; lastKnownFileType = folder.assetcatalog; path = Assets.xcassets; sourceTree = "<group>"; };
		9572B8881CB995E100AF2B81 /* Base */ = {isa = PBXFileReference; lastKnownFileType = file.xib; name = Base; path = Base.lproj/MainMenu.xib; sourceTree = "<group>"; };
		9572B88A1CB995E100AF2B81 /* Info.plist */ = {isa = PBXFileReference; lastKnownFileType = text.plist.xml; path = Info.plist; sourceTree = "<group>"; };
		9572B8901CB9967A00AF2B81 /* SearchTokenField.swift */ = {isa = PBXFileReference; fileEncoding = 4; lastKnownFileType = sourcecode.swift; path = SearchTokenField.swift; sourceTree = "<group>"; };
/* End PBXFileReference section */

/* Begin PBXFrameworksBuildPhase section */
		9572B87D1CB995E100AF2B81 /* Frameworks */ = {
			isa = PBXFrameworksBuildPhase;
			buildActionMask = 2147483647;
			files = (
			);
			runOnlyForDeploymentPostprocessing = 0;
		};
/* End PBXFrameworksBuildPhase section */

/* Begin PBXGroup section */
		9572B8771CB995E100AF2B81 = {
			isa = PBXGroup;
			children = (
				9572B8821CB995E100AF2B81 /* SearchField */,
				9572B8811CB995E100AF2B81 /* Products */,
			);
			sourceTree = "<group>";
		};
		9572B8811CB995E100AF2B81 /* Products */ = {
			isa = PBXGroup;
			children = (
				9572B8801CB995E100AF2B81 /* SearchField.app */,
			);
			name = Products;
			sourceTree = "<group>";
		};
		9572B8821CB995E100AF2B81 /* SearchField */ = {
			isa = PBXGroup;
			children = (
				9572B8831CB995E100AF2B81 /* AppDelegate.swift */,
				9572B8851CB995E100AF2B81 /* Assets.xcassets */,
				9572B8871CB995E100AF2B81 /* MainMenu.xib */,
				9572B88A1CB995E100AF2B81 /* Info.plist */,
				9572B8901CB9967A00AF2B81 /* SearchTokenField.swift */,
				952CCC551CBB02470054C9BE /* SearchTokenAttachmentCell.swift */,
			);
			path = SearchField;
			sourceTree = "<group>";
		};
/* End PBXGroup section */

/* Begin PBXNativeTarget section */
		9572B87F1CB995E100AF2B81 /* SearchField */ = {
			isa = PBXNativeTarget;
			buildConfigurationList = 9572B88D1CB995E100AF2B81 /* Build configuration list for PBXNativeTarget "SearchField" */;
			buildPhases = (
				9572B87C1CB995E100AF2B81 /* Sources */,
				9572B87D1CB995E100AF2B81 /* Frameworks */,
				9572B87E1CB995E100AF2B81 /* Resources */,
			);
			buildRules = (
			);
			dependencies = (
			);
			name = SearchField;
			productName = SearchField;
			productReference = 9572B8801CB995E100AF2B81 /* SearchField.app */;
			productType = "com.apple.product-type.application";
		};
/* End PBXNativeTarget section */

/* Begin PBXProject section */
		9572B8781CB995E100AF2B81 /* Project object */ = {
			isa = PBXProject;
			attributes = {
				LastSwiftUpdateCheck = 0730;
				LastUpgradeCheck = 0730;
				ORGANIZATIONNAME = "Hicham Bouabdallah";
				TargetAttributes = {
					9572B87F1CB995E100AF2B81 = {
						CreatedOnToolsVersion = 7.3;
					};
				};
			};
			buildConfigurationList = 9572B87B1CB995E100AF2B81 /* Build configuration list for PBXProject "SearchField" */;
			compatibilityVersion = "Xcode 3.2";
			developmentRegion = English;
			hasScannedForEncodings = 0;
			knownRegions = (
				en,
				Base,
			);
			mainGroup = 9572B8771CB995E100AF2B81;
			productRefGroup = 9572B8811CB995E100AF2B81 /* Products */;
			projectDirPath = "";
			projectRoot = "";
			targets = (
				9572B87F1CB995E100AF2B81 /* SearchField */,
			);
		};
/* End PBXProject section */

/* Begin PBXResourcesBuildPhase section */
		9572B87E1CB995E100AF2B81 /* Resources */ = {
			isa = PBXResourcesBuildPhase;
			buildActionMask = 2147483647;
			files = (
				9572B8861CB995E100AF2B81 /* Assets.xcassets in Resources */,
				9572B8891CB995E100AF2B81 /* MainMenu.xib in Resources */,
			);
			runOnlyForDeploymentPostprocessing = 0;
		};
/* End PBXResourcesBuildPhase section */

/* Begin PBXSourcesBuildPhase section */
		9572B87C1CB995E100AF2B81 /* Sources */ = {
			isa = PBXSourcesBuildPhase;
			buildActionMask = 2147483647;
			files = (
				952CCC561CBB02470054C9BE /* SearchTokenAttachmentCell.swift in Sources */,
				9572B8911CB9967A00AF2B81 /* SearchTokenField.swift in Sources */,
				9572B8841CB995E100AF2B81 /* AppDelegate.swift in Sources */,
			);
			runOnlyForDeploymentPostprocessing = 0;
		};
/* End PBXSourcesBuildPhase section */

/* Begin PBXVariantGroup section */
		9572B8871CB995E100AF2B81 /* MainMenu.xib */ = {
			isa = PBXVariantGroup;
			children = (
				9572B8881CB995E100AF2B81 /* Base */,
			);
			name = MainMenu.xib;
			sourceTree = "<group>";
		};
/* End PBXVariantGroup section */

/* Begin XCBuildConfiguration section */
		9572B88B1CB995E100AF2B81 /* Debug */ = {
			isa = XCBuildConfiguration;
			buildSettings = {
				ALWAYS_SEARCH_USER_PATHS = NO;
				CLANG_ANALYZER_NONNULL = YES;
				CLANG_CXX_LANGUAGE_STANDARD = "gnu++0x";
				CLANG_CXX_LIBRARY = "libc++";
				CLANG_ENABLE_MODULES = YES;
				CLANG_ENABLE_OBJC_ARC = YES;
				CLANG_WARN_BOOL_CONVERSION = YES;
				CLANG_WARN_CONSTANT_CONVERSION = YES;
				CLANG_WARN_DIRECT_OBJC_ISA_USAGE = YES_ERROR;
				CLANG_WARN_EMPTY_BODY = YES;
				CLANG_WARN_ENUM_CONVERSION = YES;
				CLANG_WARN_INT_CONVERSION = YES;
				CLANG_WARN_OBJC_ROOT_CLASS = YES_ERROR;
				CLANG_WARN_UNREACHABLE_CODE = YES;
				CLANG_WARN__DUPLICATE_METHOD_MATCH = YES;
				CODE_SIGN_IDENTITY = "-";
				COPY_PHASE_STRIP = NO;
				DEBUG_INFORMATION_FORMAT = dwarf;
				ENABLE_STRICT_OBJC_MSGSEND = YES;
				ENABLE_TESTABILITY = YES;
				GCC_C_LANGUAGE_STANDARD = gnu99;
				GCC_DYNAMIC_NO_PIC = NO;
				GCC_NO_COMMON_BLOCKS = YES;
				GCC_OPTIMIZATION_LEVEL = 0;
				GCC_PREPROCESSOR_DEFINITIONS = (
					"DEBUG=1",
					"$(inherited)",
				);
				GCC_WARN_64_TO_32_BIT_CONVERSION = YES;
				GCC_WARN_ABOUT_RETURN_TYPE = YES_ERROR;
				GCC_WARN_UNDECLARED_SELECTOR = YES;
				GCC_WARN_UNINITIALIZED_AUTOS = YES_AGGRESSIVE;
				GCC_WARN_UNUSED_FUNCTION = YES;
				GCC_WARN_UNUSED_VARIABLE = YES;
				MACOSX_DEPLOYMENT_TARGET = 10.11;
				MTL_ENABLE_DEBUG_INFO = YES;
				ONLY_ACTIVE_ARCH = YES;
				SDKROOT = macosx;
				SWIFT_OPTIMIZATION_LEVEL = "-Onone";
			};
			name = Debug;
		};
		9572B88C1CB995E100AF2B81 /* Release */ = {
			isa = XCBuildConfiguration;
			buildSettings = {
				ALWAYS_SEARCH_USER_PATHS = NO;
				CLANG_ANALYZER_NONNULL = YES;
				CLANG_CXX_LANGUAGE_STANDARD = "gnu++0x";
				CLANG_CXX_LIBRARY = "libc++";
				CLANG_ENABLE_MODULES = YES;
				CLANG_ENABLE_OBJC_ARC = YES;
				CLANG_WARN_BOOL_CONVERSION = YES;
				CLANG_WARN_CONSTANT_CONVERSION = YES;
				CLANG_WARN_DIRECT_OBJC_ISA_USAGE = YES_ERROR;
				CLANG_WARN_EMPTY_BODY = YES;
				CLANG_WARN_ENUM_CONVERSION = YES;
				CLANG_WARN_INT_CONVERSION = YES;
				CLANG_WARN_OBJC_ROOT_CLASS = YES_ERROR;
				CLANG_WARN_UNREACHABLE_CODE = YES;
				CLANG_WARN__DUPLICATE_METHOD_MATCH = YES;
				CODE_SIGN_IDENTITY = "-";
				COPY_PHASE_STRIP = NO;
				DEBUG_INFORMATION_FORMAT = "dwarf-with-dsym";
				ENABLE_NS_ASSERTIONS = NO;
				ENABLE_STRICT_OBJC_MSGSEND = YES;
				GCC_C_LANGUAGE_STANDARD = gnu99;
				GCC_NO_COMMON_BLOCKS = YES;
				GCC_WARN_64_TO_32_BIT_CONVERSION = YES;
				GCC_WARN_ABOUT_RETURN_TYPE = YES_ERROR;
				GCC_WARN_UNDECLARED_SELECTOR = YES;
				GCC_WARN_UNINITIALIZED_AUTOS = YES_AGGRESSIVE;
				GCC_WARN_UNUSED_FUNCTION = YES;
				GCC_WARN_UNUSED_VARIABLE = YES;
				MACOSX_DEPLOYMENT_TARGET = 10.11;
				MTL_ENABLE_DEBUG_INFO = NO;
				SDKROOT = macosx;
			};
			name = Release;
		};
		9572B88E1CB995E100AF2B81 /* Debug */ = {
			isa = XCBuildConfiguration;
			buildSettings = {
				ASSETCATALOG_COMPILER_APPICON_NAME = AppIcon;
				COMBINE_HIDPI_IMAGES = YES;
				INFOPLIST_FILE = SearchField/Info.plist;
				LD_RUNPATH_SEARCH_PATHS = "$(inherited) @executable_path/../Frameworks";
				PRODUCT_BUNDLE_IDENTIFIER = com.simplerocket.SearchField;
				PRODUCT_NAME = "$(TARGET_NAME)";
			};
			name = Debug;
		};
		9572B88F1CB995E100AF2B81 /* Release */ = {
			isa = XCBuildConfiguration;
			buildSettings = {
				ASSETCATALOG_COMPILER_APPICON_NAME = AppIcon;
				COMBINE_HIDPI_IMAGES = YES;
				INFOPLIST_FILE = SearchField/Info.plist;
				LD_RUNPATH_SEARCH_PATHS = "$(inherited) @executable_path/../Frameworks";
				PRODUCT_BUNDLE_IDENTIFIER = com.simplerocket.SearchField;
				PRODUCT_NAME = "$(TARGET_NAME)";
			};
			name = Release;
		};
/* End XCBuildConfiguration section */

/* Begin XCConfigurationList section */
		9572B87B1CB995E100AF2B81 /* Build configuration list for PBXProject "SearchField" */ = {
			isa = XCConfigurationList;
			buildConfigurations = (
				9572B88B1CB995E100AF2B81 /* Debug */,
				9572B88C1CB995E100AF2B81 /* Release */,
			);
			defaultConfigurationIsVisible = 0;
			defaultConfigurationName = Release;
		};
		9572B88D1CB995E100AF2B81 /* Build configuration list for PBXNativeTarget "SearchField" */ = {
			isa = XCConfigurationList;
			buildConfigurations = (
				9572B88E1CB995E100AF2B81 /* Debug */,
				9572B88F1CB995E100AF2B81 /* Release */,
			);
			defaultConfigurationIsVisible = 0;
			defaultConfigurationName = Release;
		};
/* End XCConfigurationList section */
	};
	rootObject = 9572B8781CB995E100AF2B81 /* Project object */;
}
